
Microsoft Visual Studio Solution File, Format Version 12.00
# Visual Studio Version 17
VisualStudioVersion = 17.5.33516.290
MinimumVisualStudioVersion = 10.0.40219.1
Project("{FAE04EC0-301F-11D3-BF4B-00C04F79EFBC}") = "Практическая9", "Практическая9\Практическая9.csproj", "{2EB038C4-FF39-49AC-8A01-46E507681E8B}"
EndProject
Global
	GlobalSection(SolutionConfigurationPlatforms) = preSolution
		Debug|Any CPU = Debug|Any CPU
		Release|Any CPU = Release|Any CPU
	EndGlobalSection
	GlobalSection(ProjectConfigurationPlatforms) = postSolution
		{2EB038C4-FF39-49AC-8A01-46E507681E8B}.Debug|Any CPU.ActiveCfg = Debug|Any CPU
		{2EB038C4-FF39-49AC-8A01-46E507681E8B}.Debug|Any CPU.Build.0 = Debug|Any CPU
		{2EB038C4-FF39-49AC-8A01-46E507681E8B}.Release|Any CPU.ActiveCfg = Release|Any CPU
		{2EB038C4-FF39-49AC-8A01-46E507681E8B}.Release|Any CPU.Build.0 = Release|Any CPU
	EndGlobalSection
	GlobalSection(SolutionProperties) = preSolution
		HideSolutionNode = FALSE
	EndGlobalSection
	GlobalSection(ExtensibilityGlobals) = postSolution
		SolutionGuid = {B5D33C36-4B73-4402-8771-253BF14B7EBB}
	EndGlobalSection
EndGlobal
